
Microsoft Visual Studio Solution File, Format Version 12.00
# Visual Studio Version 17
VisualStudioVersion = 17.14.37111.16
MinimumVisualStudioVersion = 10.0.40219.1
Project("{FAE04EC0-301F-11D3-BF4B-00C04F79EFBC}") = "Data Cleaner Tool (Console)", "Data Cleaner Tool (Console)\Data Cleaner Tool (Console).csproj", "{F8B609AA-1932-43E5-BEF7-D1A8499F11CF}"
EndProject
Project("{FAE04EC0-301F-11D3-BF4B-00C04F79EFBC}") = "Extraction layer", "Extraction layer\Extraction layer.csproj", "{A6A6B0B5-CAF8-471D-BDB0-91B86E64315D}"
EndProject
Project("{FAE04EC0-301F-11D3-BF4B-00C04F79EFBC}") = "Cleaning Layer", "Cleaning Layer\Cleaning Layer.csproj", "{2C2F4A6B-5F71-4D2F-99B5-82C61C98B964}"
EndProject
Global
	GlobalSection(SolutionConfigurationPlatforms) = preSolution
		Debug|Any CPU = Debug|Any CPU
		Release|Any CPU = Release|Any CPU
	EndGlobalSection
	GlobalSection(ProjectConfigurationPlatforms) = postSolution
		{F8B609AA-1932-43E5-BEF7-D1A8499F11CF}.Debug|Any CPU.ActiveCfg = Debug|Any CPU
		{F8B609AA-1932-43E5-BEF7-D1A8499F11CF}.Debug|Any CPU.Build.0 = Debug|Any CPU
		{F8B609AA-1932-43E5-BEF7-D1A8499F11CF}.Release|Any CPU.ActiveCfg = Release|Any CPU
		{F8B609AA-1932-43E5-BEF7-D1A8499F11CF}.Release|Any CPU.Build.0 = Release|Any CPU
		{A6A6B0B5-CAF8-471D-BDB0-91B86E64315D}.Debug|Any CPU.ActiveCfg = Debug|Any CPU
		{A6A6B0B5-CAF8-471D-BDB0-91B86E64315D}.Debug|Any CPU.Build.0 = Debug|Any CPU
		{A6A6B0B5-CAF8-471D-BDB0-91B86E64315D}.Release|Any CPU.ActiveCfg = Release|Any CPU
		{A6A6B0B5-CAF8-471D-BDB0-91B86E64315D}.Release|Any CPU.Build.0 = Release|Any CPU
		{2C2F4A6B-5F71-4D2F-99B5-82C61C98B964}.Debug|Any CPU.ActiveCfg = Debug|Any CPU
		{2C2F4A6B-5F71-4D2F-99B5-82C61C98B964}.Debug|Any CPU.Build.0 = Debug|Any CPU
		{2C2F4A6B-5F71-4D2F-99B5-82C61C98B964}.Release|Any CPU.ActiveCfg = Release|Any CPU
		{2C2F4A6B-5F71-4D2F-99B5-82C61C98B964}.Release|Any CPU.Build.0 = Release|Any CPU
	EndGlobalSection
	GlobalSection(SolutionProperties) = preSolution
		HideSolutionNode = FALSE
	EndGlobalSection
	GlobalSection(ExtensibilityGlobals) = postSolution
		SolutionGuid = {98D64CD0-EF52-46A5-82B1-C4EBEE9A4972}
	EndGlobalSection
EndGlobal
